
Microsoft Visual Studio Solution File, Format Version 12.00
# Visual Studio 15
VisualStudioVersion = 15.0.28307.1022
MinimumVisualStudioVersion = 10.0.40219.1
Project("{8BC9CEB8-8B4A-11D0-8D11-00A0C91BC942}") = "Hog", "Hog\Hog.vcxproj", "{E94B2530-FF90-4FA1-A845-930A038AD618}"
EndProject
Global
	GlobalSection(SolutionConfigurationPlatforms) = preSolution
		Debug|x64 = Debug|x64
		Debug|x86 = Debug|x86
		Release|x64 = Release|x64
		Release|x86 = Release|x86
	EndGlobalSection
	GlobalSection(ProjectConfigurationPlatforms) = postSolution
		{E94B2530-FF90-4FA1-A845-930A038AD618}.Debug|x64.ActiveCfg = Debug|x64
		{E94B2530-FF90-4FA1-A845-930A038AD618}.Debug|x64.Build.0 = Debug|x64
		{E94B2530-FF90-4FA1-A845-930A038AD618}.Debug|x86.ActiveCfg = Debug|Win32
		{E94B2530-FF90-4FA1-A845-930A038AD618}.Debug|x86.Build.0 = Debug|Win32
		{E94B2530-FF90-4FA1-A845-930A038AD618}.Release|x64.ActiveCfg = Release|x64
		{E94B2530-FF90-4FA1-A845-930A038AD618}.Release|x64.Build.0 = Release|x64
		{E94B2530-FF90-4FA1-A845-930A038AD618}.Release|x86.ActiveCfg = Release|Win32
		{E94B2530-FF90-4FA1-A845-930A038AD618}.Release|x86.Build.0 = Release|Win32
	EndGlobalSection
	GlobalSection(SolutionProperties) = preSolution
		HideSolutionNode = FALSE
	EndGlobalSection
	GlobalSection(ExtensibilityGlobals) = postSolution
		SolutionGuid = {C1DCE678-D80B-40BD-8BC4-54436668E26F}
	EndGlobalSection
EndGlobal
